// !$*UTF8*$!
{
	archiveVersion = 1;
	classes = {
	};
	objectVersion = 55;
	objects = {

/* Begin PBXBuildFile section */
		24E1DCBC28BBC71C009EAEC9 /* AppDelegate.swift in Sources */ = {isa = PBXBuildFile; fileRef = 24E1DCBB28BBC71C009EAEC9 /* AppDelegate.swift */; };
		24E1DCBE28BBC71C009EAEC9 /* SceneDelegate.swift in Sources */ = {isa = PBXBuildFile; fileRef = 24E1DCBD28BBC71C009EAEC9 /* SceneDelegate.swift */; };
		24E1DCC028BBC71C009EAEC9 /* DocumentsViewController.swift in Sources */ = {isa = PBXBuildFile; fileRef = 24E1DCBF28BBC71C009EAEC9 /* DocumentsViewController.swift */; };
		24E1DCC528BBC71E009EAEC9 /* Assets.xcassets in Resources */ = {isa = PBXBuildFile; fileRef = 24E1DCC428BBC71E009EAEC9 /* Assets.xcassets */; };
		24E1DCC828BBC71E009EAEC9 /* LaunchScreen.storyboard in Resources */ = {isa = PBXBuildFile; fileRef = 24E1DCC628BBC71E009EAEC9 /* LaunchScreen.storyboard */; };
		24E1DCD128BBC832009EAEC9 /* Withable.swift in Sources */ = {isa = PBXBuildFile; fileRef = 24E1DCD028BBC832009EAEC9 /* Withable.swift */; };
		24E1DCD328BBCFE1009EAEC9 /* Filemanager.swift in Sources */ = {isa = PBXBuildFile; fileRef = 24E1DCD228BBCFE1009EAEC9 /* Filemanager.swift */; };
		24E1DCD528BBE62D009EAEC9 /* PhotoTableViewCell.swift in Sources */ = {isa = PBXBuildFile; fileRef = 24E1DCD428BBE62D009EAEC9 /* PhotoTableViewCell.swift */; };
/* End PBXBuildFile section */

/* Begin PBXFileReference section */
		24E1DCB828BBC71C009EAEC9 /* HomeworkFileManager.app */ = {isa = PBXFileReference; explicitFileType = wrapper.application; includeInIndex = 0; path = HomeworkFileManager.app; sourceTree = BUILT_PRODUCTS_DIR; };
		24E1DCBB28BBC71C009EAEC9 /* AppDelegate.swift */ = {isa = PBXFileReference; lastKnownFileType = sourcecode.swift; path = AppDelegate.swift; sourceTree = "<group>"; };
		24E1DCBD28BBC71C009EAEC9 /* SceneDelegate.swift */ = {isa = PBXFileReference; lastKnownFileType = sourcecode.swift; path = SceneDelegate.swift; sourceTree = "<group>"; };
		24E1DCBF28BBC71C009EAEC9 /* DocumentsViewController.swift */ = {isa = PBXFileReference; lastKnownFileType = sourcecode.swift; path = DocumentsViewController.swift; sourceTree = "<group>"; };
		24E1DCC428BBC71E009EAEC9 /* Assets.xcassets */ = {isa = PBXFileReference; lastKnownFileType = folder.assetcatalog; path = Assets.xcassets; sourceTree = "<group>"; };
		24E1DCC728BBC71E009EAEC9 /* Base */ = {isa = PBXFileReference; lastKnownFileType = file.storyboard; name = Base; path = Base.lproj/LaunchScreen.storyboard; sourceTree = "<group>"; };
		24E1DCC928BBC71E009EAEC9 /* Info.plist */ = {isa = PBXFileReference; lastKnownFileType = text.plist.xml; path = Info.plist; sourceTree = "<group>"; };
		24E1DCD028BBC832009EAEC9 /* Withable.swift */ = {isa = PBXFileReference; lastKnownFileType = sourcecode.swift; path = Withable.swift; sourceTree = "<group>"; };
		24E1DCD228BBCFE1009EAEC9 /* Filemanager.swift */ = {isa = PBXFileReference; lastKnownFileType = sourcecode.swift; path = Filemanager.swift; sourceTree = "<group>"; };
		24E1DCD428BBE62D009EAEC9 /* PhotoTableViewCell.swift */ = {isa = PBXFileReference; lastKnownFileType = sourcecode.swift; path = PhotoTableViewCell.swift; sourceTree = "<group>"; };
/* End PBXFileReference section */

/* Begin PBXFrameworksBuildPhase section */
		24E1DCB528BBC71C009EAEC9 /* Frameworks */ = {
			isa = PBXFrameworksBuildPhase;
			buildActionMask = 2147483647;
			files = (
			);
			runOnlyForDeploymentPostprocessing = 0;
		};
/* End PBXFrameworksBuildPhase section */

/* Begin PBXGroup section */
		24E1DCAF28BBC71C009EAEC9 = {
			isa = PBXGroup;
			children = (
				24E1DCBA28BBC71C009EAEC9 /* HomeworkFileManager */,
				24E1DCB928BBC71C009EAEC9 /* Products */,
			);
			sourceTree = "<group>";
		};
		24E1DCB928BBC71C009EAEC9 /* Products */ = {
			isa = PBXGroup;
			children = (
				24E1DCB828BBC71C009EAEC9 /* HomeworkFileManager.app */,
			);
			name = Products;
			sourceTree = "<group>";
		};
		24E1DCBA28BBC71C009EAEC9 /* HomeworkFileManager */ = {
			isa = PBXGroup;
			children = (
				24E1DCCF28BBC826009EAEC9 /* Extensions */,
				24E1DCBB28BBC71C009EAEC9 /* AppDelegate.swift */,
				24E1DCBD28BBC71C009EAEC9 /* SceneDelegate.swift */,
				24E1DCBF28BBC71C009EAEC9 /* DocumentsViewController.swift */,
				24E1DCD428BBE62D009EAEC9 /* PhotoTableViewCell.swift */,
				24E1DCC428BBC71E009EAEC9 /* Assets.xcassets */,
				24E1DCC628BBC71E009EAEC9 /* LaunchScreen.storyboard */,
				24E1DCC928BBC71E009EAEC9 /* Info.plist */,
			);
			path = HomeworkFileManager;
			sourceTree = "<group>";
		};
		24E1DCCF28BBC826009EAEC9 /* Extensions */ = {
			isa = PBXGroup;
			children = (
				24E1DCD028BBC832009EAEC9 /* Withable.swift */,
				24E1DCD228BBCFE1009EAEC9 /* Filemanager.swift */,
			);
			path = Extensions;
			sourceTree = "<group>";
		};
/* End PBXGroup section */

/* Begin PBXNativeTarget section */
		24E1DCB728BBC71C009EAEC9 /* HomeworkFileManager */ = {
			isa = PBXNativeTarget;
			buildConfigurationList = 24E1DCCC28BBC71E009EAEC9 /* Build configuration list for PBXNativeTarget "HomeworkFileManager" */;
			buildPhases = (
				24E1DCB428BBC71C009EAEC9 /* Sources */,
				24E1DCB528BBC71C009EAEC9 /* Frameworks */,
				24E1DCB628BBC71C009EAEC9 /* Resources */,
			);
			buildRules = (
			);
			dependencies = (
			);
			name = HomeworkFileManager;
			productName = HomeworkFileManager;
			productReference = 24E1DCB828BBC71C009EAEC9 /* HomeworkFileManager.app */;
			productType = "com.apple.product-type.application";
		};
/* End PBXNativeTarget section */

/* Begin PBXProject section */
		24E1DCB028BBC71C009EAEC9 /* Project object */ = {
			isa = PBXProject;
			attributes = {
				BuildIndependentTargetsInParallel = 1;
				LastSwiftUpdateCheck = 1400;
				LastUpgradeCheck = 1400;
				TargetAttributes = {
					24E1DCB728BBC71C009EAEC9 = {
						CreatedOnToolsVersion = 14.0;
					};
				};
			};
			buildConfigurationList = 24E1DCB328BBC71C009EAEC9 /* Build configuration list for PBXProject "HomeworkFileManager" */;
			compatibilityVersion = "Xcode 13.0";
			developmentRegion = en;
			hasScannedForEncodings = 0;
			knownRegions = (
				en,
				Base,
			);
			mainGroup = 24E1DCAF28BBC71C009EAEC9;
			productRefGroup = 24E1DCB928BBC71C009EAEC9 /* Products */;
			projectDirPath = "";
			projectRoot = "";
			targets = (
				24E1DCB728BBC71C009EAEC9 /* HomeworkFileManager */,
			);
		};
/* End PBXProject section */

/* Begin PBXResourcesBuildPhase section */
		24E1DCB628BBC71C009EAEC9 /* Resources */ = {
			isa = PBXResourcesBuildPhase;
			buildActionMask = 2147483647;
			files = (
				24E1DCC828BBC71E009EAEC9 /* LaunchScreen.storyboard in Resources */,
				24E1DCC528BBC71E009EAEC9 /* Assets.xcassets in Resources */,
			);
			runOnlyForDeploymentPostprocessing = 0;
		};
/* End PBXResourcesBuildPhase section */

/* Begin PBXSourcesBuildPhase section */
		24E1DCB428BBC71C009EAEC9 /* Sources */ = {
			isa = PBXSourcesBuildPhase;
			buildActionMask = 2147483647;
			files = (
				24E1DCC028BBC71C009EAEC9 /* DocumentsViewController.swift in Sources */,
				24E1DCD128BBC832009EAEC9 /* Withable.swift in Sources */,
				24E1DCD528BBE62D009EAEC9 /* PhotoTableViewCell.swift in Sources */,
				24E1DCBC28BBC71C009EAEC9 /* AppDelegate.swift in Sources */,
				24E1DCBE28BBC71C009EAEC9 /* SceneDelegate.swift in Sources */,
				24E1DCD328BBCFE1009EAEC9 /* Filemanager.swift in Sources */,
			);
			runOnlyForDeploymentPostprocessing = 0;
		};
/* End PBXSourcesBuildPhase section */

/* Begin PBXVariantGroup section */
		24E1DCC628BBC71E009EAEC9 /* LaunchScreen.storyboard */ = {
			isa = PBXVariantGroup;
			children = (
				24E1DCC728BBC71E009EAEC9 /* Base */,
			);
			name = LaunchScreen.storyboard;
			sourceTree = "<group>";
		};
/* End PBXVariantGroup section */

/* Begin XCBuildConfiguration section */
		24E1DCCA28BBC71E009EAEC9 /* Debug */ = {
			isa = XCBuildConfiguration;
			buildSettings = {
				ALWAYS_SEARCH_USER_PATHS = NO;
				CLANG_ANALYZER_NONNULL = YES;
				CLANG_ANALYZER_NUMBER_OBJECT_CONVERSION = YES_AGGRESSIVE;
				CLANG_CXX_LANGUAGE_STANDARD = "gnu++20";
				CLANG_ENABLE_MODULES = YES;
				CLANG_ENABLE_OBJC_ARC = YES;
				CLANG_ENABLE_OBJC_WEAK = YES;
				CLANG_WARN_BLOCK_CAPTURE_AUTORELEASING = YES;
				CLANG_WARN_BOOL_CONVERSION = YES;
				CLANG_WARN_COMMA = YES;
				CLANG_WARN_CONSTANT_CONVERSION = YES;
				CLANG_WARN_DEPRECATED_OBJC_IMPLEMENTATIONS = YES;
				CLANG_WARN_DIRECT_OBJC_ISA_USAGE = YES_ERROR;
				CLANG_WARN_DOCUMENTATION_COMMENTS = YES;
				CLANG_WARN_EMPTY_BODY = YES;
				CLANG_WARN_ENUM_CONVERSION = YES;
				CLANG_WARN_INFINITE_RECURSION = YES;
				CLANG_WARN_INT_CONVERSION = YES;
				CLANG_WARN_NON_LITERAL_NULL_CONVERSION = YES;
				CLANG_WARN_OBJC_IMPLICIT_RETAIN_SELF = YES;
				CLANG_WARN_OBJC_LITERAL_CONVERSION = YES;
				CLANG_WARN_OBJC_ROOT_CLASS = YES_ERROR;
				CLANG_WARN_QUOTED_INCLUDE_IN_FRAMEWORK_HEADER = YES;
				CLANG_WARN_RANGE_LOOP_ANALYSIS = YES;
				CLANG_WARN_STRICT_PROTOTYPES = YES;
				CLANG_WARN_SUSPICIOUS_MOVE = YES;
				CLANG_WARN_UNGUARDED_AVAILABILITY = YES_AGGRESSIVE;
				CLANG_WARN_UNREACHABLE_CODE = YES;
				CLANG_WARN__DUPLICATE_METHOD_MATCH = YES;
				COPY_PHASE_STRIP = NO;
				DEBUG_INFORMATION_FORMAT = dwarf;
				ENABLE_STRICT_OBJC_MSGSEND = YES;
				ENABLE_TESTABILITY = YES;
				GCC_C_LANGUAGE_STANDARD = gnu11;
				GCC_DYNAMIC_NO_PIC = NO;
				GCC_NO_COMMON_BLOCKS = YES;
				GCC_OPTIMIZATION_LEVEL = 0;
				GCC_PREPROCESSOR_DEFINITIONS = (
					"DEBUG=1",
					"$(inherited)",
				);
				GCC_WARN_64_TO_32_BIT_CONVERSION = YES;
				GCC_WARN_ABOUT_RETURN_TYPE = YES_ERROR;
				GCC_WARN_UNDECLARED_SELECTOR = YES;
				GCC_WARN_UNINITIALIZED_AUTOS = YES_AGGRESSIVE;
				GCC_WARN_UNUSED_FUNCTION = YES;
				GCC_WARN_UNUSED_VARIABLE = YES;
				IPHONEOS_DEPLOYMENT_TARGET = 16.0;
				MTL_ENABLE_DEBUG_INFO = INCLUDE_SOURCE;
				MTL_FAST_MATH = YES;
				ONLY_ACTIVE_ARCH = YES;
				SDKROOT = iphoneos;
				SWIFT_ACTIVE_COMPILATION_CONDITIONS = DEBUG;
				SWIFT_OPTIMIZATION_LEVEL = "-Onone";
			};
			name = Debug;
		};
		24E1DCCB28BBC71E009EAEC9 /* Release */ = {
			isa = XCBuildConfiguration;
			buildSettings = {
				ALWAYS_SEARCH_USER_PATHS = NO;
				CLANG_ANALYZER_NONNULL = YES;
				CLANG_ANALYZER_NUMBER_OBJECT_CONVERSION = YES_AGGRESSIVE;
				CLANG_CXX_LANGUAGE_STANDARD = "gnu++20";
				CLANG_ENABLE_MODULES = YES;
				CLANG_ENABLE_OBJC_ARC = YES;
				CLANG_ENABLE_OBJC_WEAK = YES;
				CLANG_WARN_BLOCK_CAPTURE_AUTORELEASING = YES;
				CLANG_WARN_BOOL_CONVERSION = YES;
				CLANG_WARN_COMMA = YES;
				CLANG_WARN_CONSTANT_CONVERSION = YES;
				CLANG_WARN_DEPRECATED_OBJC_IMPLEMENTATIONS = YES;
				CLANG_WARN_DIRECT_OBJC_ISA_USAGE = YES_ERROR;
				CLANG_WARN_DOCUMENTATION_COMMENTS = YES;
				CLANG_WARN_EMPTY_BODY = YES;
				CLANG_WARN_ENUM_CONVERSION = YES;
				CLANG_WARN_INFINITE_RECURSION = YES;
				CLANG_WARN_INT_CONVERSION = YES;
				CLANG_WARN_NON_LITERAL_NULL_CONVERSION = YES;
				CLANG_WARN_OBJC_IMPLICIT_RETAIN_SELF = YES;
				CLANG_WARN_OBJC_LITERAL_CONVERSION = YES;
				CLANG_WARN_OBJC_ROOT_CLASS = YES_ERROR;
				CLANG_WARN_QUOTED_INCLUDE_IN_FRAMEWORK_HEADER = YES;
				CLANG_WARN_RANGE_LOOP_ANALYSIS = YES;
				CLANG_WARN_STRICT_PROTOTYPES = YES;
				CLANG_WARN_SUSPICIOUS_MOVE = YES;
				CLANG_WARN_UNGUARDED_AVAILABILITY = YES_AGGRESSIVE;
				CLANG_WARN_UNREACHABLE_CODE = YES;
				CLANG_WARN__DUPLICATE_METHOD_MATCH = YES;
				COPY_PHASE_STRIP = NO;
				DEBUG_INFORMATION_FORMAT = "dwarf-with-dsym";
				ENABLE_NS_ASSERTIONS = NO;
				ENABLE_STRICT_OBJC_MSGSEND = YES;
				GCC_C_LANGUAGE_STANDARD = gnu11;
				GCC_NO_COMMON_BLOCKS = YES;
				GCC_WARN_64_TO_32_BIT_CONVERSION = YES;
				GCC_WARN_ABOUT_RETURN_TYPE = YES_ERROR;
				GCC_WARN_UNDECLARED_SELECTOR = YES;
				GCC_WARN_UNINITIALIZED_AUTOS = YES_AGGRESSIVE;
				GCC_WARN_UNUSED_FUNCTION = YES;
				GCC_WARN_UNUSED_VARIABLE = YES;
				IPHONEOS_DEPLOYMENT_TARGET = 16.0;
				MTL_ENABLE_DEBUG_INFO = NO;
				MTL_FAST_MATH = YES;
				SDKROOT = iphoneos;
				SWIFT_COMPILATION_MODE = wholemodule;
				SWIFT_OPTIMIZATION_LEVEL = "-O";
				VALIDATE_PRODUCT = YES;
			};
			name = Release;
		};
		24E1DCCD28BBC71E009EAEC9 /* Debug */ = {
			isa = XCBuildConfiguration;
			buildSettings = {
				ASSETCATALOG_COMPILER_APPICON_NAME = AppIcon;
				ASSETCATALOG_COMPILER_GLOBAL_ACCENT_COLOR_NAME = AccentColor;
				CODE_SIGN_STYLE = Automatic;
				CURRENT_PROJECT_VERSION = 1;
				DEVELOPMENT_TEAM = 74TJJ39GL7;
				GENERATE_INFOPLIST_FILE = YES;
				INFOPLIST_FILE = HomeworkFileManager/Info.plist;
				INFOPLIST_KEY_UIApplicationSupportsIndirectInputEvents = YES;
				INFOPLIST_KEY_UILaunchStoryboardName = LaunchScreen;
				INFOPLIST_KEY_UIMainStoryboardFile = "";
				INFOPLIST_KEY_UISupportedInterfaceOrientations_iPad = "UIInterfaceOrientationPortrait UIInterfaceOrientationPortraitUpsideDown UIInterfaceOrientationLandscapeLeft UIInterfaceOrientationLandscapeRight";
				INFOPLIST_KEY_UISupportedInterfaceOrientations_iPhone = "UIInterfaceOrientationPortrait UIInterfaceOrientationLandscapeLeft UIInterfaceOrientationLandscapeRight";
				LD_RUNPATH_SEARCH_PATHS = (
					"$(inherited)",
					"@executable_path/Frameworks",
				);
				MARKETING_VERSION = 1.0;
				PRODUCT_BUNDLE_IDENTIFIER = ru.yandex.artchemist.HomeworkFileManager;
				PRODUCT_NAME = "$(TARGET_NAME)";
				SWIFT_EMIT_LOC_STRINGS = YES;
				SWIFT_VERSION = 5.0;
				TARGETED_DEVICE_FAMILY = "1,2";
			};
			name = Debug;
		};
		24E1DCCE28BBC71E009EAEC9 /* Release */ = {
			isa = XCBuildConfiguration;
			buildSettings = {
				ASSETCATALOG_COMPILER_APPICON_NAME = AppIcon;
				ASSETCATALOG_COMPILER_GLOBAL_ACCENT_COLOR_NAME = AccentColor;
				CODE_SIGN_STYLE = Automatic;
				CURRENT_PROJECT_VERSION = 1;
				DEVELOPMENT_TEAM = 74TJJ39GL7;
				GENERATE_INFOPLIST_FILE = YES;
				INFOPLIST_FILE = HomeworkFileManager/Info.plist;
				INFOPLIST_KEY_UIApplicationSupportsIndirectInputEvents = YES;
				INFOPLIST_KEY_UILaunchStoryboardName = LaunchScreen;
				INFOPLIST_KEY_UIMainStoryboardFile = "";
				INFOPLIST_KEY_UISupportedInterfaceOrientations_iPad = "UIInterfaceOrientationPortrait UIInterfaceOrientationPortraitUpsideDown UIInterfaceOrientationLandscapeLeft UIInterfaceOrientationLandscapeRight";
				INFOPLIST_KEY_UISupportedInterfaceOrientations_iPhone = "UIInterfaceOrientationPortrait UIInterfaceOrientationLandscapeLeft UIInterfaceOrientationLandscapeRight";
				LD_RUNPATH_SEARCH_PATHS = (
					"$(inherited)",
					"@executable_path/Frameworks",
				);
				MARKETING_VERSION = 1.0;
				PRODUCT_BUNDLE_IDENTIFIER = ru.yandex.artchemist.HomeworkFileManager;
				PRODUCT_NAME = "$(TARGET_NAME)";
				SWIFT_EMIT_LOC_STRINGS = YES;
				SWIFT_VERSION = 5.0;
				TARGETED_DEVICE_FAMILY = "1,2";
			};
			name = Release;
		};
/* End XCBuildConfiguration section */

/* Begin XCConfigurationList section */
		24E1DCB328BBC71C009EAEC9 /* Build configuration list for PBXProject "HomeworkFileManager" */ = {
			isa = XCConfigurationList;
			buildConfigurations = (
				24E1DCCA28BBC71E009EAEC9 /* Debug */,
				24E1DCCB28BBC71E009EAEC9 /* Release */,
			);
			defaultConfigurationIsVisible = 0;
			defaultConfigurationName = Release;
		};
		24E1DCCC28BBC71E009EAEC9 /* Build configuration list for PBXNativeTarget "HomeworkFileManager" */ = {
			isa = XCConfigurationList;
			buildConfigurations = (
				24E1DCCD28BBC71E009EAEC9 /* Debug */,
				24E1DCCE28BBC71E009EAEC9 /* Release */,
			);
			defaultConfigurationIsVisible = 0;
			defaultConfigurationName = Release;
		};
/* End XCConfigurationList section */
	};
	rootObject = 24E1DCB028BBC71C009EAEC9 /* Project object */;
}
