// !$*UTF8*$!
{
	archiveVersion = 1;
	classes = {
	};
	objectVersion = 55;
	objects = {

/* Begin PBXBuildFile section */
		249FDA7028BCBFE100D12CF8 /* UIAllertController+Extensions.swift in Sources */ = {isa = PBXBuildFile; fileRef = 249FDA6F28BCBFE100D12CF8 /* UIAllertController+Extensions.swift */; };
		249FDA7228BCCED900D12CF8 /* AppState.swift in Sources */ = {isa = PBXBuildFile; fileRef = 249FDA7128BCCED900D12CF8 /* AppState.swift */; };
		249FDA7928BCEB5500D12CF8 /* SettingsViewController.swift in Sources */ = {isa = PBXBuildFile; fileRef = 249FDA7828BCEB5500D12CF8 /* SettingsViewController.swift */; };
		249FDA7E28BCF25300D12CF8 /* AppStore.swift in Sources */ = {isa = PBXBuildFile; fileRef = 249FDA7D28BCF25300D12CF8 /* AppStore.swift */; };
		249FDA8028BCF72200D12CF8 /* SettingsViewModel.swift in Sources */ = {isa = PBXBuildFile; fileRef = 249FDA7F28BCF72200D12CF8 /* SettingsViewModel.swift */; };
		249FDA8228BCF7D800D12CF8 /* SortingTableViewCell.swift in Sources */ = {isa = PBXBuildFile; fileRef = 249FDA8128BCF7D800D12CF8 /* SortingTableViewCell.swift */; };
		249FDA8528BD0ABC00D12CF8 /* ChangePasswordViewController.swift in Sources */ = {isa = PBXBuildFile; fileRef = 249FDA8428BD0ABC00D12CF8 /* ChangePasswordViewController.swift */; };
		249FDA8828BD0B0400D12CF8 /* CustomButton.swift in Sources */ = {isa = PBXBuildFile; fileRef = 249FDA8728BD0B0400D12CF8 /* CustomButton.swift */; };
		249FDA8A28BD0C3B00D12CF8 /* CustomTextField.swift in Sources */ = {isa = PBXBuildFile; fileRef = 249FDA8928BD0C3B00D12CF8 /* CustomTextField.swift */; };
		24E1DCBC28BBC71C009EAEC9 /* AppDelegate.swift in Sources */ = {isa = PBXBuildFile; fileRef = 24E1DCBB28BBC71C009EAEC9 /* AppDelegate.swift */; };
		24E1DCBE28BBC71C009EAEC9 /* SceneDelegate.swift in Sources */ = {isa = PBXBuildFile; fileRef = 24E1DCBD28BBC71C009EAEC9 /* SceneDelegate.swift */; };
		24E1DCC028BBC71C009EAEC9 /* DocumentsViewController.swift in Sources */ = {isa = PBXBuildFile; fileRef = 24E1DCBF28BBC71C009EAEC9 /* DocumentsViewController.swift */; };
		24E1DCC528BBC71E009EAEC9 /* Assets.xcassets in Resources */ = {isa = PBXBuildFile; fileRef = 24E1DCC428BBC71E009EAEC9 /* Assets.xcassets */; };
		24E1DCC828BBC71E009EAEC9 /* LaunchScreen.storyboard in Resources */ = {isa = PBXBuildFile; fileRef = 24E1DCC628BBC71E009EAEC9 /* LaunchScreen.storyboard */; };
		24E1DCD128BBC832009EAEC9 /* Withable.swift in Sources */ = {isa = PBXBuildFile; fileRef = 24E1DCD028BBC832009EAEC9 /* Withable.swift */; };
		24E1DCD328BBCFE1009EAEC9 /* Filemanager.swift in Sources */ = {isa = PBXBuildFile; fileRef = 24E1DCD228BBCFE1009EAEC9 /* Filemanager.swift */; };
		24E1DCD528BBE62D009EAEC9 /* PhotoTableViewCell.swift in Sources */ = {isa = PBXBuildFile; fileRef = 24E1DCD428BBE62D009EAEC9 /* PhotoTableViewCell.swift */; };
		24E1DCDD28BCAC18009EAEC9 /* SnapKit in Frameworks */ = {isa = PBXBuildFile; productRef = 24E1DCDC28BCAC18009EAEC9 /* SnapKit */; };
		24E1DCE028BCAC49009EAEC9 /* KeychainPasswordItem.swift in Sources */ = {isa = PBXBuildFile; fileRef = 24E1DCDF28BCAC49009EAEC9 /* KeychainPasswordItem.swift */; };
		24E1DCE328BCB335009EAEC9 /* AuthViewController.swift in Sources */ = {isa = PBXBuildFile; fileRef = 24E1DCE228BCB335009EAEC9 /* AuthViewController.swift */; };
		24E1DCE528BCB470009EAEC9 /* AuthViewModel.swift in Sources */ = {isa = PBXBuildFile; fileRef = 24E1DCE428BCB470009EAEC9 /* AuthViewModel.swift */; };
		24E1DCE828BCB7D5009EAEC9 /* UIView+Extensions.swift in Sources */ = {isa = PBXBuildFile; fileRef = 24E1DCE728BCB7D5009EAEC9 /* UIView+Extensions.swift */; };
/* End PBXBuildFile section */

/* Begin PBXFileReference section */
		249FDA6F28BCBFE100D12CF8 /* UIAllertController+Extensions.swift */ = {isa = PBXFileReference; lastKnownFileType = sourcecode.swift; path = "UIAllertController+Extensions.swift"; sourceTree = "<group>"; };
		249FDA7128BCCED900D12CF8 /* AppState.swift */ = {isa = PBXFileReference; lastKnownFileType = sourcecode.swift; path = AppState.swift; sourceTree = "<group>"; };
		249FDA7828BCEB5500D12CF8 /* SettingsViewController.swift */ = {isa = PBXFileReference; lastKnownFileType = sourcecode.swift; path = SettingsViewController.swift; sourceTree = "<group>"; };
		249FDA7D28BCF25300D12CF8 /* AppStore.swift */ = {isa = PBXFileReference; lastKnownFileType = sourcecode.swift; path = AppStore.swift; sourceTree = "<group>"; };
		249FDA7F28BCF72200D12CF8 /* SettingsViewModel.swift */ = {isa = PBXFileReference; lastKnownFileType = sourcecode.swift; path = SettingsViewModel.swift; sourceTree = "<group>"; };
		249FDA8128BCF7D800D12CF8 /* SortingTableViewCell.swift */ = {isa = PBXFileReference; lastKnownFileType = sourcecode.swift; path = SortingTableViewCell.swift; sourceTree = "<group>"; };
		249FDA8428BD0ABC00D12CF8 /* ChangePasswordViewController.swift */ = {isa = PBXFileReference; lastKnownFileType = sourcecode.swift; path = ChangePasswordViewController.swift; sourceTree = "<group>"; };
		249FDA8728BD0B0400D12CF8 /* CustomButton.swift */ = {isa = PBXFileReference; lastKnownFileType = sourcecode.swift; path = CustomButton.swift; sourceTree = "<group>"; };
		249FDA8928BD0C3B00D12CF8 /* CustomTextField.swift */ = {isa = PBXFileReference; lastKnownFileType = sourcecode.swift; path = CustomTextField.swift; sourceTree = "<group>"; };
		24E1DCB828BBC71C009EAEC9 /* HomeworkFileManager.app */ = {isa = PBXFileReference; explicitFileType = wrapper.application; includeInIndex = 0; path = HomeworkFileManager.app; sourceTree = BUILT_PRODUCTS_DIR; };
		24E1DCBB28BBC71C009EAEC9 /* AppDelegate.swift */ = {isa = PBXFileReference; lastKnownFileType = sourcecode.swift; path = AppDelegate.swift; sourceTree = "<group>"; };
		24E1DCBD28BBC71C009EAEC9 /* SceneDelegate.swift */ = {isa = PBXFileReference; lastKnownFileType = sourcecode.swift; path = SceneDelegate.swift; sourceTree = "<group>"; };
		24E1DCBF28BBC71C009EAEC9 /* DocumentsViewController.swift */ = {isa = PBXFileReference; lastKnownFileType = sourcecode.swift; path = DocumentsViewController.swift; sourceTree = "<group>"; };
		24E1DCC428BBC71E009EAEC9 /* Assets.xcassets */ = {isa = PBXFileReference; lastKnownFileType = folder.assetcatalog; path = Assets.xcassets; sourceTree = "<group>"; };
		24E1DCC728BBC71E009EAEC9 /* Base */ = {isa = PBXFileReference; lastKnownFileType = file.storyboard; name = Base; path = Base.lproj/LaunchScreen.storyboard; sourceTree = "<group>"; };
		24E1DCC928BBC71E009EAEC9 /* Info.plist */ = {isa = PBXFileReference; lastKnownFileType = text.plist.xml; path = Info.plist; sourceTree = "<group>"; };
		24E1DCD028BBC832009EAEC9 /* Withable.swift */ = {isa = PBXFileReference; lastKnownFileType = sourcecode.swift; path = Withable.swift; sourceTree = "<group>"; };
		24E1DCD228BBCFE1009EAEC9 /* Filemanager.swift */ = {isa = PBXFileReference; lastKnownFileType = sourcecode.swift; path = Filemanager.swift; sourceTree = "<group>"; };
		24E1DCD428BBE62D009EAEC9 /* PhotoTableViewCell.swift */ = {isa = PBXFileReference; lastKnownFileType = sourcecode.swift; path = PhotoTableViewCell.swift; sourceTree = "<group>"; };
		24E1DCDF28BCAC49009EAEC9 /* KeychainPasswordItem.swift */ = {isa = PBXFileReference; lastKnownFileType = sourcecode.swift; path = KeychainPasswordItem.swift; sourceTree = "<group>"; };
		24E1DCE228BCB335009EAEC9 /* AuthViewController.swift */ = {isa = PBXFileReference; lastKnownFileType = sourcecode.swift; path = AuthViewController.swift; sourceTree = "<group>"; };
		24E1DCE428BCB470009EAEC9 /* AuthViewModel.swift */ = {isa = PBXFileReference; lastKnownFileType = sourcecode.swift; path = AuthViewModel.swift; sourceTree = "<group>"; };
		24E1DCE728BCB7D5009EAEC9 /* UIView+Extensions.swift */ = {isa = PBXFileReference; lastKnownFileType = sourcecode.swift; path = "UIView+Extensions.swift"; sourceTree = "<group>"; };
/* End PBXFileReference section */

/* Begin PBXFrameworksBuildPhase section */
		24E1DCB528BBC71C009EAEC9 /* Frameworks */ = {
			isa = PBXFrameworksBuildPhase;
			buildActionMask = 2147483647;
			files = (
				24E1DCDD28BCAC18009EAEC9 /* SnapKit in Frameworks */,
			);
			runOnlyForDeploymentPostprocessing = 0;
		};
/* End PBXFrameworksBuildPhase section */

/* Begin PBXGroup section */
		249FDA6E28BCBFAF00D12CF8 /* util */ = {
			isa = PBXGroup;
			children = (
				249FDA8628BD0AFD00D12CF8 /* reusable */,
				24E1DCE728BCB7D5009EAEC9 /* UIView+Extensions.swift */,
				249FDA6F28BCBFE100D12CF8 /* UIAllertController+Extensions.swift */,
			);
			path = util;
			sourceTree = "<group>";
		};
		249FDA7628BCE5F700D12CF8 /* TabBar */ = {
			isa = PBXGroup;
			children = (
				249FDA8328BD0A9F00D12CF8 /* ChangePassword */,
				249FDA7728BCEB4800D12CF8 /* Settings */,
				24E1DCDA28BCAB9E009EAEC9 /* PhotosList */,
			);
			path = TabBar;
			sourceTree = "<group>";
		};
		249FDA7728BCEB4800D12CF8 /* Settings */ = {
			isa = PBXGroup;
			children = (
				249FDA7828BCEB5500D12CF8 /* SettingsViewController.swift */,
				249FDA8128BCF7D800D12CF8 /* SortingTableViewCell.swift */,
				249FDA7F28BCF72200D12CF8 /* SettingsViewModel.swift */,
			);
			path = Settings;
			sourceTree = "<group>";
		};
		249FDA7A28BCF22500D12CF8 /* util */ = {
			isa = PBXGroup;
			children = (
				249FDA7C28BCF24500D12CF8 /* UserDefaults */,
				24E1DCDE28BCAC2E009EAEC9 /* KeyChain */,
				24E1DCCF28BBC826009EAEC9 /* Extensions */,
			);
			path = util;
			sourceTree = "<group>";
		};
		249FDA7C28BCF24500D12CF8 /* UserDefaults */ = {
			isa = PBXGroup;
			children = (
				249FDA7D28BCF25300D12CF8 /* AppStore.swift */,
			);
			path = UserDefaults;
			sourceTree = "<group>";
		};
		249FDA8328BD0A9F00D12CF8 /* ChangePassword */ = {
			isa = PBXGroup;
			children = (
				249FDA8428BD0ABC00D12CF8 /* ChangePasswordViewController.swift */,
			);
			path = ChangePassword;
			sourceTree = "<group>";
		};
		249FDA8628BD0AFD00D12CF8 /* reusable */ = {
			isa = PBXGroup;
			children = (
				249FDA8728BD0B0400D12CF8 /* CustomButton.swift */,
				249FDA8928BD0C3B00D12CF8 /* CustomTextField.swift */,
			);
			path = reusable;
			sourceTree = "<group>";
		};
		24E1DCAF28BBC71C009EAEC9 = {
			isa = PBXGroup;
			children = (
				24E1DCBA28BBC71C009EAEC9 /* HomeworkFileManager */,
				24E1DCB928BBC71C009EAEC9 /* Products */,
			);
			sourceTree = "<group>";
		};
		24E1DCB928BBC71C009EAEC9 /* Products */ = {
			isa = PBXGroup;
			children = (
				24E1DCB828BBC71C009EAEC9 /* HomeworkFileManager.app */,
			);
			name = Products;
			sourceTree = "<group>";
		};
		24E1DCBA28BBC71C009EAEC9 /* HomeworkFileManager */ = {
			isa = PBXGroup;
			children = (
				24E1DCD628BCAB5D009EAEC9 /* App */,
				24E1DCD828BCAB7D009EAEC9 /* Core */,
				24E1DCD928BCAB96009EAEC9 /* Scenes */,
				24E1DCC928BBC71E009EAEC9 /* Info.plist */,
			);
			path = HomeworkFileManager;
			sourceTree = "<group>";
		};
		24E1DCCF28BBC826009EAEC9 /* Extensions */ = {
			isa = PBXGroup;
			children = (
				24E1DCD028BBC832009EAEC9 /* Withable.swift */,
				24E1DCD228BBCFE1009EAEC9 /* Filemanager.swift */,
			);
			path = Extensions;
			sourceTree = "<group>";
		};
		24E1DCD628BCAB5D009EAEC9 /* App */ = {
			isa = PBXGroup;
			children = (
				24E1DCBB28BBC71C009EAEC9 /* AppDelegate.swift */,
				24E1DCBD28BBC71C009EAEC9 /* SceneDelegate.swift */,
				24E1DCC428BBC71E009EAEC9 /* Assets.xcassets */,
				24E1DCC628BBC71E009EAEC9 /* LaunchScreen.storyboard */,
				249FDA7128BCCED900D12CF8 /* AppState.swift */,
			);
			path = App;
			sourceTree = "<group>";
		};
		24E1DCD828BCAB7D009EAEC9 /* Core */ = {
			isa = PBXGroup;
			children = (
				249FDA7A28BCF22500D12CF8 /* util */,
			);
			path = Core;
			sourceTree = "<group>";
		};
		24E1DCD928BCAB96009EAEC9 /* Scenes */ = {
			isa = PBXGroup;
			children = (
				249FDA6E28BCBFAF00D12CF8 /* util */,
				24E1DCE128BCB310009EAEC9 /* Auth */,
				249FDA7628BCE5F700D12CF8 /* TabBar */,
			);
			path = Scenes;
			sourceTree = "<group>";
		};
		24E1DCDA28BCAB9E009EAEC9 /* PhotosList */ = {
			isa = PBXGroup;
			children = (
				24E1DCBF28BBC71C009EAEC9 /* DocumentsViewController.swift */,
				24E1DCD428BBE62D009EAEC9 /* PhotoTableViewCell.swift */,
			);
			path = PhotosList;
			sourceTree = "<group>";
		};
		24E1DCDE28BCAC2E009EAEC9 /* KeyChain */ = {
			isa = PBXGroup;
			children = (
				24E1DCDF28BCAC49009EAEC9 /* KeychainPasswordItem.swift */,
			);
			path = KeyChain;
			sourceTree = "<group>";
		};
		24E1DCE128BCB310009EAEC9 /* Auth */ = {
			isa = PBXGroup;
			children = (
				24E1DCE228BCB335009EAEC9 /* AuthViewController.swift */,
				24E1DCE428BCB470009EAEC9 /* AuthViewModel.swift */,
			);
			path = Auth;
			sourceTree = "<group>";
		};
/* End PBXGroup section */

/* Begin PBXNativeTarget section */
		24E1DCB728BBC71C009EAEC9 /* HomeworkFileManager */ = {
			isa = PBXNativeTarget;
			buildConfigurationList = 24E1DCCC28BBC71E009EAEC9 /* Build configuration list for PBXNativeTarget "HomeworkFileManager" */;
			buildPhases = (
				24E1DCB428BBC71C009EAEC9 /* Sources */,
				24E1DCB528BBC71C009EAEC9 /* Frameworks */,
				24E1DCB628BBC71C009EAEC9 /* Resources */,
			);
			buildRules = (
			);
			dependencies = (
			);
			name = HomeworkFileManager;
			packageProductDependencies = (
				24E1DCDC28BCAC18009EAEC9 /* SnapKit */,
			);
			productName = HomeworkFileManager;
			productReference = 24E1DCB828BBC71C009EAEC9 /* HomeworkFileManager.app */;
			productType = "com.apple.product-type.application";
		};
/* End PBXNativeTarget section */

/* Begin PBXProject section */
		24E1DCB028BBC71C009EAEC9 /* Project object */ = {
			isa = PBXProject;
			attributes = {
				BuildIndependentTargetsInParallel = 1;
				LastSwiftUpdateCheck = 1400;
				LastUpgradeCheck = 1400;
				TargetAttributes = {
					24E1DCB728BBC71C009EAEC9 = {
						CreatedOnToolsVersion = 14.0;
					};
				};
			};
			buildConfigurationList = 24E1DCB328BBC71C009EAEC9 /* Build configuration list for PBXProject "HomeworkFileManager" */;
			compatibilityVersion = "Xcode 13.0";
			developmentRegion = en;
			hasScannedForEncodings = 0;
			knownRegions = (
				en,
				Base,
			);
			mainGroup = 24E1DCAF28BBC71C009EAEC9;
			packageReferences = (
				24E1DCDB28BCAC18009EAEC9 /* XCRemoteSwiftPackageReference "SnapKit" */,
			);
			productRefGroup = 24E1DCB928BBC71C009EAEC9 /* Products */;
			projectDirPath = "";
			projectRoot = "";
			targets = (
				24E1DCB728BBC71C009EAEC9 /* HomeworkFileManager */,
			);
		};
/* End PBXProject section */

/* Begin PBXResourcesBuildPhase section */
		24E1DCB628BBC71C009EAEC9 /* Resources */ = {
			isa = PBXResourcesBuildPhase;
			buildActionMask = 2147483647;
			files = (
				24E1DCC828BBC71E009EAEC9 /* LaunchScreen.storyboard in Resources */,
				24E1DCC528BBC71E009EAEC9 /* Assets.xcassets in Resources */,
			);
			runOnlyForDeploymentPostprocessing = 0;
		};
/* End PBXResourcesBuildPhase section */

/* Begin PBXSourcesBuildPhase section */
		24E1DCB428BBC71C009EAEC9 /* Sources */ = {
			isa = PBXSourcesBuildPhase;
			buildActionMask = 2147483647;
			files = (
				24E1DCE828BCB7D5009EAEC9 /* UIView+Extensions.swift in Sources */,
				24E1DCC028BBC71C009EAEC9 /* DocumentsViewController.swift in Sources */,
				24E1DCD128BBC832009EAEC9 /* Withable.swift in Sources */,
				249FDA7228BCCED900D12CF8 /* AppState.swift in Sources */,
				24E1DCD528BBE62D009EAEC9 /* PhotoTableViewCell.swift in Sources */,
				249FDA8A28BD0C3B00D12CF8 /* CustomTextField.swift in Sources */,
				249FDA8028BCF72200D12CF8 /* SettingsViewModel.swift in Sources */,
				249FDA7E28BCF25300D12CF8 /* AppStore.swift in Sources */,
				249FDA8828BD0B0400D12CF8 /* CustomButton.swift in Sources */,
				24E1DCBC28BBC71C009EAEC9 /* AppDelegate.swift in Sources */,
				24E1DCE328BCB335009EAEC9 /* AuthViewController.swift in Sources */,
				24E1DCBE28BBC71C009EAEC9 /* SceneDelegate.swift in Sources */,
				24E1DCE028BCAC49009EAEC9 /* KeychainPasswordItem.swift in Sources */,
				24E1DCD328BBCFE1009EAEC9 /* Filemanager.swift in Sources */,
				249FDA8528BD0ABC00D12CF8 /* ChangePasswordViewController.swift in Sources */,
				249FDA7928BCEB5500D12CF8 /* SettingsViewController.swift in Sources */,
				24E1DCE528BCB470009EAEC9 /* AuthViewModel.swift in Sources */,
				249FDA8228BCF7D800D12CF8 /* SortingTableViewCell.swift in Sources */,
				249FDA7028BCBFE100D12CF8 /* UIAllertController+Extensions.swift in Sources */,
			);
			runOnlyForDeploymentPostprocessing = 0;
		};
/* End PBXSourcesBuildPhase section */

/* Begin PBXVariantGroup section */
		24E1DCC628BBC71E009EAEC9 /* LaunchScreen.storyboard */ = {
			isa = PBXVariantGroup;
			children = (
				24E1DCC728BBC71E009EAEC9 /* Base */,
			);
			name = LaunchScreen.storyboard;
			sourceTree = "<group>";
		};
/* End PBXVariantGroup section */

/* Begin XCBuildConfiguration section */
		24E1DCCA28BBC71E009EAEC9 /* Debug */ = {
			isa = XCBuildConfiguration;
			buildSettings = {
				ALWAYS_SEARCH_USER_PATHS = NO;
				CLANG_ANALYZER_NONNULL = YES;
				CLANG_ANALYZER_NUMBER_OBJECT_CONVERSION = YES_AGGRESSIVE;
				CLANG_CXX_LANGUAGE_STANDARD = "gnu++20";
				CLANG_ENABLE_MODULES = YES;
				CLANG_ENABLE_OBJC_ARC = YES;
				CLANG_ENABLE_OBJC_WEAK = YES;
				CLANG_WARN_BLOCK_CAPTURE_AUTORELEASING = YES;
				CLANG_WARN_BOOL_CONVERSION = YES;
				CLANG_WARN_COMMA = YES;
				CLANG_WARN_CONSTANT_CONVERSION = YES;
				CLANG_WARN_DEPRECATED_OBJC_IMPLEMENTATIONS = YES;
				CLANG_WARN_DIRECT_OBJC_ISA_USAGE = YES_ERROR;
				CLANG_WARN_DOCUMENTATION_COMMENTS = YES;
				CLANG_WARN_EMPTY_BODY = YES;
				CLANG_WARN_ENUM_CONVERSION = YES;
				CLANG_WARN_INFINITE_RECURSION = YES;
				CLANG_WARN_INT_CONVERSION = YES;
				CLANG_WARN_NON_LITERAL_NULL_CONVERSION = YES;
				CLANG_WARN_OBJC_IMPLICIT_RETAIN_SELF = YES;
				CLANG_WARN_OBJC_LITERAL_CONVERSION = YES;
				CLANG_WARN_OBJC_ROOT_CLASS = YES_ERROR;
				CLANG_WARN_QUOTED_INCLUDE_IN_FRAMEWORK_HEADER = YES;
				CLANG_WARN_RANGE_LOOP_ANALYSIS = YES;
				CLANG_WARN_STRICT_PROTOTYPES = YES;
				CLANG_WARN_SUSPICIOUS_MOVE = YES;
				CLANG_WARN_UNGUARDED_AVAILABILITY = YES_AGGRESSIVE;
				CLANG_WARN_UNREACHABLE_CODE = YES;
				CLANG_WARN__DUPLICATE_METHOD_MATCH = YES;
				COPY_PHASE_STRIP = NO;
				DEBUG_INFORMATION_FORMAT = dwarf;
				ENABLE_STRICT_OBJC_MSGSEND = YES;
				ENABLE_TESTABILITY = YES;
				GCC_C_LANGUAGE_STANDARD = gnu11;
				GCC_DYNAMIC_NO_PIC = NO;
				GCC_NO_COMMON_BLOCKS = YES;
				GCC_OPTIMIZATION_LEVEL = 0;
				GCC_PREPROCESSOR_DEFINITIONS = (
					"DEBUG=1",
					"$(inherited)",
				);
				GCC_WARN_64_TO_32_BIT_CONVERSION = YES;
				GCC_WARN_ABOUT_RETURN_TYPE = YES_ERROR;
				GCC_WARN_UNDECLARED_SELECTOR = YES;
				GCC_WARN_UNINITIALIZED_AUTOS = YES_AGGRESSIVE;
				GCC_WARN_UNUSED_FUNCTION = YES;
				GCC_WARN_UNUSED_VARIABLE = YES;
				IPHONEOS_DEPLOYMENT_TARGET = 15.0;
				MTL_ENABLE_DEBUG_INFO = INCLUDE_SOURCE;
				MTL_FAST_MATH = YES;
				ONLY_ACTIVE_ARCH = YES;
				SDKROOT = iphoneos;
				SWIFT_ACTIVE_COMPILATION_CONDITIONS = DEBUG;
				SWIFT_OPTIMIZATION_LEVEL = "-Onone";
			};
			name = Debug;
		};
		24E1DCCB28BBC71E009EAEC9 /* Release */ = {
			isa = XCBuildConfiguration;
			buildSettings = {
				ALWAYS_SEARCH_USER_PATHS = NO;
				CLANG_ANALYZER_NONNULL = YES;
				CLANG_ANALYZER_NUMBER_OBJECT_CONVERSION = YES_AGGRESSIVE;
				CLANG_CXX_LANGUAGE_STANDARD = "gnu++20";
				CLANG_ENABLE_MODULES = YES;
				CLANG_ENABLE_OBJC_ARC = YES;
				CLANG_ENABLE_OBJC_WEAK = YES;
				CLANG_WARN_BLOCK_CAPTURE_AUTORELEASING = YES;
				CLANG_WARN_BOOL_CONVERSION = YES;
				CLANG_WARN_COMMA = YES;
				CLANG_WARN_CONSTANT_CONVERSION = YES;
				CLANG_WARN_DEPRECATED_OBJC_IMPLEMENTATIONS = YES;
				CLANG_WARN_DIRECT_OBJC_ISA_USAGE = YES_ERROR;
				CLANG_WARN_DOCUMENTATION_COMMENTS = YES;
				CLANG_WARN_EMPTY_BODY = YES;
				CLANG_WARN_ENUM_CONVERSION = YES;
				CLANG_WARN_INFINITE_RECURSION = YES;
				CLANG_WARN_INT_CONVERSION = YES;
				CLANG_WARN_NON_LITERAL_NULL_CONVERSION = YES;
				CLANG_WARN_OBJC_IMPLICIT_RETAIN_SELF = YES;
				CLANG_WARN_OBJC_LITERAL_CONVERSION = YES;
				CLANG_WARN_OBJC_ROOT_CLASS = YES_ERROR;
				CLANG_WARN_QUOTED_INCLUDE_IN_FRAMEWORK_HEADER = YES;
				CLANG_WARN_RANGE_LOOP_ANALYSIS = YES;
				CLANG_WARN_STRICT_PROTOTYPES = YES;
				CLANG_WARN_SUSPICIOUS_MOVE = YES;
				CLANG_WARN_UNGUARDED_AVAILABILITY = YES_AGGRESSIVE;
				CLANG_WARN_UNREACHABLE_CODE = YES;
				CLANG_WARN__DUPLICATE_METHOD_MATCH = YES;
				COPY_PHASE_STRIP = NO;
				DEBUG_INFORMATION_FORMAT = "dwarf-with-dsym";
				ENABLE_NS_ASSERTIONS = NO;
				ENABLE_STRICT_OBJC_MSGSEND = YES;
				GCC_C_LANGUAGE_STANDARD = gnu11;
				GCC_NO_COMMON_BLOCKS = YES;
				GCC_WARN_64_TO_32_BIT_CONVERSION = YES;
				GCC_WARN_ABOUT_RETURN_TYPE = YES_ERROR;
				GCC_WARN_UNDECLARED_SELECTOR = YES;
				GCC_WARN_UNINITIALIZED_AUTOS = YES_AGGRESSIVE;
				GCC_WARN_UNUSED_FUNCTION = YES;
				GCC_WARN_UNUSED_VARIABLE = YES;
				IPHONEOS_DEPLOYMENT_TARGET = 15.0;
				MTL_ENABLE_DEBUG_INFO = NO;
				MTL_FAST_MATH = YES;
				SDKROOT = iphoneos;
				SWIFT_COMPILATION_MODE = wholemodule;
				SWIFT_OPTIMIZATION_LEVEL = "-O";
				VALIDATE_PRODUCT = YES;
			};
			name = Release;
		};
		24E1DCCD28BBC71E009EAEC9 /* Debug */ = {
			isa = XCBuildConfiguration;
			buildSettings = {
				ASSETCATALOG_COMPILER_APPICON_NAME = AppIcon;
				ASSETCATALOG_COMPILER_GLOBAL_ACCENT_COLOR_NAME = AccentColor;
				CODE_SIGN_STYLE = Automatic;
				CURRENT_PROJECT_VERSION = 1;
				DEVELOPMENT_TEAM = 74TJJ39GL7;
				GENERATE_INFOPLIST_FILE = YES;
				INFOPLIST_FILE = HomeworkFileManager/Info.plist;
				INFOPLIST_KEY_UIApplicationSupportsIndirectInputEvents = YES;
				INFOPLIST_KEY_UILaunchStoryboardName = LaunchScreen;
				INFOPLIST_KEY_UIMainStoryboardFile = "";
				INFOPLIST_KEY_UISupportedInterfaceOrientations_iPad = "UIInterfaceOrientationPortrait UIInterfaceOrientationPortraitUpsideDown UIInterfaceOrientationLandscapeLeft UIInterfaceOrientationLandscapeRight";
				INFOPLIST_KEY_UISupportedInterfaceOrientations_iPhone = "UIInterfaceOrientationPortrait UIInterfaceOrientationLandscapeLeft UIInterfaceOrientationLandscapeRight";
				LD_RUNPATH_SEARCH_PATHS = (
					"$(inherited)",
					"@executable_path/Frameworks",
				);
				MARKETING_VERSION = 1.0;
				PRODUCT_BUNDLE_IDENTIFIER = ru.yandex.artchemist.HomeworkFileManager;
				PRODUCT_NAME = "$(TARGET_NAME)";
				SWIFT_EMIT_LOC_STRINGS = YES;
				SWIFT_VERSION = 5.0;
				TARGETED_DEVICE_FAMILY = "1,2";
			};
			name = Debug;
		};
		24E1DCCE28BBC71E009EAEC9 /* Release */ = {
			isa = XCBuildConfiguration;
			buildSettings = {
				ASSETCATALOG_COMPILER_APPICON_NAME = AppIcon;
				ASSETCATALOG_COMPILER_GLOBAL_ACCENT_COLOR_NAME = AccentColor;
				CODE_SIGN_STYLE = Automatic;
				CURRENT_PROJECT_VERSION = 1;
				DEVELOPMENT_TEAM = 74TJJ39GL7;
				GENERATE_INFOPLIST_FILE = YES;
				INFOPLIST_FILE = HomeworkFileManager/Info.plist;
				INFOPLIST_KEY_UIApplicationSupportsIndirectInputEvents = YES;
				INFOPLIST_KEY_UILaunchStoryboardName = LaunchScreen;
				INFOPLIST_KEY_UIMainStoryboardFile = "";
				INFOPLIST_KEY_UISupportedInterfaceOrientations_iPad = "UIInterfaceOrientationPortrait UIInterfaceOrientationPortraitUpsideDown UIInterfaceOrientationLandscapeLeft UIInterfaceOrientationLandscapeRight";
				INFOPLIST_KEY_UISupportedInterfaceOrientations_iPhone = "UIInterfaceOrientationPortrait UIInterfaceOrientationLandscapeLeft UIInterfaceOrientationLandscapeRight";
				LD_RUNPATH_SEARCH_PATHS = (
					"$(inherited)",
					"@executable_path/Frameworks",
				);
				MARKETING_VERSION = 1.0;
				PRODUCT_BUNDLE_IDENTIFIER = ru.yandex.artchemist.HomeworkFileManager;
				PRODUCT_NAME = "$(TARGET_NAME)";
				SWIFT_EMIT_LOC_STRINGS = YES;
				SWIFT_VERSION = 5.0;
				TARGETED_DEVICE_FAMILY = "1,2";
			};
			name = Release;
		};
/* End XCBuildConfiguration section */

/* Begin XCConfigurationList section */
		24E1DCB328BBC71C009EAEC9 /* Build configuration list for PBXProject "HomeworkFileManager" */ = {
			isa = XCConfigurationList;
			buildConfigurations = (
				24E1DCCA28BBC71E009EAEC9 /* Debug */,
				24E1DCCB28BBC71E009EAEC9 /* Release */,
			);
			defaultConfigurationIsVisible = 0;
			defaultConfigurationName = Release;
		};
		24E1DCCC28BBC71E009EAEC9 /* Build configuration list for PBXNativeTarget "HomeworkFileManager" */ = {
			isa = XCConfigurationList;
			buildConfigurations = (
				24E1DCCD28BBC71E009EAEC9 /* Debug */,
				24E1DCCE28BBC71E009EAEC9 /* Release */,
			);
			defaultConfigurationIsVisible = 0;
			defaultConfigurationName = Release;
		};
/* End XCConfigurationList section */

/* Begin XCRemoteSwiftPackageReference section */
		24E1DCDB28BCAC18009EAEC9 /* XCRemoteSwiftPackageReference "SnapKit" */ = {
			isa = XCRemoteSwiftPackageReference;
			repositoryURL = "https://github.com/SnapKit/SnapKit.git";
			requirement = {
				kind = upToNextMajorVersion;
				minimumVersion = 5.0.0;
			};
		};
/* End XCRemoteSwiftPackageReference section */

/* Begin XCSwiftPackageProductDependency section */
		24E1DCDC28BCAC18009EAEC9 /* SnapKit */ = {
			isa = XCSwiftPackageProductDependency;
			package = 24E1DCDB28BCAC18009EAEC9 /* XCRemoteSwiftPackageReference "SnapKit" */;
			productName = SnapKit;
		};
/* End XCSwiftPackageProductDependency section */
	};
	rootObject = 24E1DCB028BBC71C009EAEC9 /* Project object */;
}
